// !$*UTF8*$!
{
	archiveVersion = 1;
	classes = {
	};
	objectVersion = 50;
	objects = {

/* Begin PBXBuildFile section */
		22C8A7BC24F53C3E005FDB41 /* AppDelegate.m in Sources */ = {isa = PBXBuildFile; fileRef = 22C8A7BB24F53C3E005FDB41 /* AppDelegate.m */; };
		22C8A7BF24F53C3E005FDB41 /* SceneDelegate.m in Sources */ = {isa = PBXBuildFile; fileRef = 22C8A7BE24F53C3E005FDB41 /* SceneDelegate.m */; };
		22C8A7C224F53C3E005FDB41 /* ViewController.m in Sources */ = {isa = PBXBuildFile; fileRef = 22C8A7C124F53C3E005FDB41 /* ViewController.m */; };
		22C8A7C524F53C3E005FDB41 /* Main.storyboard in Resources */ = {isa = PBXBuildFile; fileRef = 22C8A7C324F53C3E005FDB41 /* Main.storyboard */; };
		22C8A7C724F53C42005FDB41 /* Assets.xcassets in Resources */ = {isa = PBXBuildFile; fileRef = 22C8A7C624F53C42005FDB41 /* Assets.xcassets */; };
		22C8A7CA24F53C42005FDB41 /* LaunchScreen.storyboard in Resources */ = {isa = PBXBuildFile; fileRef = 22C8A7C824F53C42005FDB41 /* LaunchScreen.storyboard */; };
		22C8A7CD24F53C42005FDB41 /* main.m in Sources */ = {isa = PBXBuildFile; fileRef = 22C8A7CC24F53C42005FDB41 /* main.m */; };
		22C8A7D724F53C43005FDB41 /* MetalShaderTextureTests.m in Sources */ = {isa = PBXBuildFile; fileRef = 22C8A7D624F53C43005FDB41 /* MetalShaderTextureTests.m */; };
		22C8A7E224F53C43005FDB41 /* MetalShaderTextureUITests.m in Sources */ = {isa = PBXBuildFile; fileRef = 22C8A7E124F53C43005FDB41 /* MetalShaderTextureUITests.m */; };
		22C8A7F124F53C5C005FDB41 /* RenderView.m in Sources */ = {isa = PBXBuildFile; fileRef = 22C8A7F024F53C5C005FDB41 /* RenderView.m */; };
		22C8A7F424F53C66005FDB41 /* Image.m in Sources */ = {isa = PBXBuildFile; fileRef = 22C8A7F324F53C66005FDB41 /* Image.m */; };
		22C8A7F624F53C74005FDB41 /* Shader.metal in Sources */ = {isa = PBXBuildFile; fileRef = 22C8A7F524F53C74005FDB41 /* Shader.metal */; };
		22C8A7F924F53EF6005FDB41 /* 2.jpg in Resources */ = {isa = PBXBuildFile; fileRef = 22C8A7F824F53EF6005FDB41 /* 2.jpg */; };
/* End PBXBuildFile section */

/* Begin PBXContainerItemProxy section */
		22C8A7D324F53C43005FDB41 /* PBXContainerItemProxy */ = {
			isa = PBXContainerItemProxy;
			containerPortal = 22C8A7AF24F53C3E005FDB41 /* Project object */;
			proxyType = 1;
			remoteGlobalIDString = 22C8A7B624F53C3E005FDB41;
			remoteInfo = MetalShaderTexture;
		};
		22C8A7DE24F53C43005FDB41 /* PBXContainerItemProxy */ = {
			isa = PBXContainerItemProxy;
			containerPortal = 22C8A7AF24F53C3E005FDB41 /* Project object */;
			proxyType = 1;
			remoteGlobalIDString = 22C8A7B624F53C3E005FDB41;
			remoteInfo = MetalShaderTexture;
		};
/* End PBXContainerItemProxy section */

/* Begin PBXFileReference section */
		22C8A7B724F53C3E005FDB41 /* MetalShaderTexture.app */ = {isa = PBXFileReference; explicitFileType = wrapper.application; includeInIndex = 0; path = MetalShaderTexture.app; sourceTree = BUILT_PRODUCTS_DIR; };
		22C8A7BA24F53C3E005FDB41 /* AppDelegate.h */ = {isa = PBXFileReference; lastKnownFileType = sourcecode.c.h; path = AppDelegate.h; sourceTree = "<group>"; };
		22C8A7BB24F53C3E005FDB41 /* AppDelegate.m */ = {isa = PBXFileReference; lastKnownFileType = sourcecode.c.objc; path = AppDelegate.m; sourceTree = "<group>"; };
		22C8A7BD24F53C3E005FDB41 /* SceneDelegate.h */ = {isa = PBXFileReference; lastKnownFileType = sourcecode.c.h; path = SceneDelegate.h; sourceTree = "<group>"; };
		22C8A7BE24F53C3E005FDB41 /* SceneDelegate.m */ = {isa = PBXFileReference; lastKnownFileType = sourcecode.c.objc; path = SceneDelegate.m; sourceTree = "<group>"; };
		22C8A7C024F53C3E005FDB41 /* ViewController.h */ = {isa = PBXFileReference; lastKnownFileType = sourcecode.c.h; path = ViewController.h; sourceTree = "<group>"; };
		22C8A7C124F53C3E005FDB41 /* ViewController.m */ = {isa = PBXFileReference; lastKnownFileType = sourcecode.c.objc; path = ViewController.m; sourceTree = "<group>"; };
		22C8A7C424F53C3E005FDB41 /* Base */ = {isa = PBXFileReference; lastKnownFileType = file.storyboard; name = Base; path = Base.lproj/Main.storyboard; sourceTree = "<group>"; };
		22C8A7C624F53C42005FDB41 /* Assets.xcassets */ = {isa = PBXFileReference; lastKnownFileType = folder.assetcatalog; path = Assets.xcassets; sourceTree = "<group>"; };
		22C8A7C924F53C42005FDB41 /* Base */ = {isa = PBXFileReference; lastKnownFileType = file.storyboard; name = Base; path = Base.lproj/LaunchScreen.storyboard; sourceTree = "<group>"; };
		22C8A7CB24F53C42005FDB41 /* Info.plist */ = {isa = PBXFileReference; lastKnownFileType = text.plist.xml; path = Info.plist; sourceTree = "<group>"; };
		22C8A7CC24F53C42005FDB41 /* main.m */ = {isa = PBXFileReference; lastKnownFileType = sourcecode.c.objc; path = main.m; sourceTree = "<group>"; };
		22C8A7D224F53C43005FDB41 /* MetalShaderTextureTests.xctest */ = {isa = PBXFileReference; explicitFileType = wrapper.cfbundle; includeInIndex = 0; path = MetalShaderTextureTests.xctest; sourceTree = BUILT_PRODUCTS_DIR; };
		22C8A7D624F53C43005FDB41 /* MetalShaderTextureTests.m */ = {isa = PBXFileReference; lastKnownFileType = sourcecode.c.objc; path = MetalShaderTextureTests.m; sourceTree = "<group>"; };
		22C8A7D824F53C43005FDB41 /* Info.plist */ = {isa = PBXFileReference; lastKnownFileType = text.plist.xml; path = Info.plist; sourceTree = "<group>"; };
		22C8A7DD24F53C43005FDB41 /* MetalShaderTextureUITests.xctest */ = {isa = PBXFileReference; explicitFileType = wrapper.cfbundle; includeInIndex = 0; path = MetalShaderTextureUITests.xctest; sourceTree = BUILT_PRODUCTS_DIR; };
		22C8A7E124F53C43005FDB41 /* MetalShaderTextureUITests.m */ = {isa = PBXFileReference; lastKnownFileType = sourcecode.c.objc; path = MetalShaderTextureUITests.m; sourceTree = "<group>"; };
		22C8A7E324F53C43005FDB41 /* Info.plist */ = {isa = PBXFileReference; lastKnownFileType = text.plist.xml; path = Info.plist; sourceTree = "<group>"; };
		22C8A7EF24F53C5C005FDB41 /* RenderView.h */ = {isa = PBXFileReference; lastKnownFileType = sourcecode.c.h; path = RenderView.h; sourceTree = "<group>"; };
		22C8A7F024F53C5C005FDB41 /* RenderView.m */ = {isa = PBXFileReference; lastKnownFileType = sourcecode.c.objc; path = RenderView.m; sourceTree = "<group>"; };
		22C8A7F224F53C66005FDB41 /* Image.h */ = {isa = PBXFileReference; lastKnownFileType = sourcecode.c.h; path = Image.h; sourceTree = "<group>"; };
		22C8A7F324F53C66005FDB41 /* Image.m */ = {isa = PBXFileReference; lastKnownFileType = sourcecode.c.objc; path = Image.m; sourceTree = "<group>"; };
		22C8A7F524F53C74005FDB41 /* Shader.metal */ = {isa = PBXFileReference; lastKnownFileType = sourcecode.metal; path = Shader.metal; sourceTree = "<group>"; };
		22C8A7F724F53E92005FDB41 /* Image.tga */ = {isa = PBXFileReference; lastKnownFileType = file; path = Image.tga; sourceTree = "<group>"; };
		22C8A7F824F53EF6005FDB41 /* 2.jpg */ = {isa = PBXFileReference; lastKnownFileType = image.jpeg; path = 2.jpg; sourceTree = "<group>"; };
/* End PBXFileReference section */

/* Begin PBXFrameworksBuildPhase section */
		22C8A7B424F53C3E005FDB41 /* Frameworks */ = {
			isa = PBXFrameworksBuildPhase;
			buildActionMask = 2147483647;
			files = (
			);
			runOnlyForDeploymentPostprocessing = 0;
		};
		22C8A7CF24F53C43005FDB41 /* Frameworks */ = {
			isa = PBXFrameworksBuildPhase;
			buildActionMask = 2147483647;
			files = (
			);
			runOnlyForDeploymentPostprocessing = 0;
		};
		22C8A7DA24F53C43005FDB41 /* Frameworks */ = {
			isa = PBXFrameworksBuildPhase;
			buildActionMask = 2147483647;
			files = (
			);
			runOnlyForDeploymentPostprocessing = 0;
		};
/* End PBXFrameworksBuildPhase section */

/* Begin PBXGroup section */
		22C8A7AE24F53C3E005FDB41 = {
			isa = PBXGroup;
			children = (
				22C8A7B924F53C3E005FDB41 /* MetalShaderTexture */,
				22C8A7D524F53C43005FDB41 /* MetalShaderTextureTests */,
				22C8A7E024F53C43005FDB41 /* MetalShaderTextureUITests */,
				22C8A7B824F53C3E005FDB41 /* Products */,
			);
			sourceTree = "<group>";
		};
		22C8A7B824F53C3E005FDB41 /* Products */ = {
			isa = PBXGroup;
			children = (
				22C8A7B724F53C3E005FDB41 /* MetalShaderTexture.app */,
				22C8A7D224F53C43005FDB41 /* MetalShaderTextureTests.xctest */,
				22C8A7DD24F53C43005FDB41 /* MetalShaderTextureUITests.xctest */,
			);
			name = Products;
			sourceTree = "<group>";
		};
		22C8A7B924F53C3E005FDB41 /* MetalShaderTexture */ = {
			isa = PBXGroup;
			children = (
				22C8A7BA24F53C3E005FDB41 /* AppDelegate.h */,
				22C8A7BB24F53C3E005FDB41 /* AppDelegate.m */,
				22C8A7BD24F53C3E005FDB41 /* SceneDelegate.h */,
				22C8A7BE24F53C3E005FDB41 /* SceneDelegate.m */,
				22C8A7C024F53C3E005FDB41 /* ViewController.h */,
				22C8A7C124F53C3E005FDB41 /* ViewController.m */,
				22C8A7EF24F53C5C005FDB41 /* RenderView.h */,
				22C8A7F024F53C5C005FDB41 /* RenderView.m */,
				22C8A7F224F53C66005FDB41 /* Image.h */,
				22C8A7F324F53C66005FDB41 /* Image.m */,
				22C8A7F824F53EF6005FDB41 /* 2.jpg */,
				22C8A7F724F53E92005FDB41 /* Image.tga */,
				22C8A7F524F53C74005FDB41 /* Shader.metal */,
				22C8A7C324F53C3E005FDB41 /* Main.storyboard */,
				22C8A7C624F53C42005FDB41 /* Assets.xcassets */,
				22C8A7C824F53C42005FDB41 /* LaunchScreen.storyboard */,
				22C8A7CB24F53C42005FDB41 /* Info.plist */,
				22C8A7CC24F53C42005FDB41 /* main.m */,
			);
			path = MetalShaderTexture;
			sourceTree = "<group>";
		};
		22C8A7D524F53C43005FDB41 /* MetalShaderTextureTests */ = {
			isa = PBXGroup;
			children = (
				22C8A7D624F53C43005FDB41 /* MetalShaderTextureTests.m */,
				22C8A7D824F53C43005FDB41 /* Info.plist */,
			);
			path = MetalShaderTextureTests;
			sourceTree = "<group>";
		};
		22C8A7E024F53C43005FDB41 /* MetalShaderTextureUITests */ = {
			isa = PBXGroup;
			children = (
				22C8A7E124F53C43005FDB41 /* MetalShaderTextureUITests.m */,
				22C8A7E324F53C43005FDB41 /* Info.plist */,
			);
			path = MetalShaderTextureUITests;
			sourceTree = "<group>";
		};
/* End PBXGroup section */

/* Begin PBXNativeTarget section */
		22C8A7B624F53C3E005FDB41 /* MetalShaderTexture */ = {
			isa = PBXNativeTarget;
			buildConfigurationList = 22C8A7E624F53C43005FDB41 /* Build configuration list for PBXNativeTarget "MetalShaderTexture" */;
			buildPhases = (
				22C8A7B324F53C3E005FDB41 /* Sources */,
				22C8A7B424F53C3E005FDB41 /* Frameworks */,
				22C8A7B524F53C3E005FDB41 /* Resources */,
			);
			buildRules = (
			);
			dependencies = (
			);
			name = MetalShaderTexture;
			productName = MetalShaderTexture;
			productReference = 22C8A7B724F53C3E005FDB41 /* MetalShaderTexture.app */;
			productType = "com.apple.product-type.application";
		};
		22C8A7D124F53C43005FDB41 /* MetalShaderTextureTests */ = {
			isa = PBXNativeTarget;
			buildConfigurationList = 22C8A7E924F53C43005FDB41 /* Build configuration list for PBXNativeTarget "MetalShaderTextureTests" */;
			buildPhases = (
				22C8A7CE24F53C43005FDB41 /* Sources */,
				22C8A7CF24F53C43005FDB41 /* Frameworks */,
				22C8A7D024F53C43005FDB41 /* Resources */,
			);
			buildRules = (
			);
			dependencies = (
				22C8A7D424F53C43005FDB41 /* PBXTargetDependency */,
			);
			name = MetalShaderTextureTests;
			productName = MetalShaderTextureTests;
			productReference = 22C8A7D224F53C43005FDB41 /* MetalShaderTextureTests.xctest */;
			productType = "com.apple.product-type.bundle.unit-test";
		};
		22C8A7DC24F53C43005FDB41 /* MetalShaderTextureUITests */ = {
			isa = PBXNativeTarget;
			buildConfigurationList = 22C8A7EC24F53C43005FDB41 /* Build configuration list for PBXNativeTarget "MetalShaderTextureUITests" */;
			buildPhases = (
				22C8A7D924F53C43005FDB41 /* Sources */,
				22C8A7DA24F53C43005FDB41 /* Frameworks */,
				22C8A7DB24F53C43005FDB41 /* Resources */,
			);
			buildRules = (
			);
			dependencies = (
				22C8A7DF24F53C43005FDB41 /* PBXTargetDependency */,
			);
			name = MetalShaderTextureUITests;
			productName = MetalShaderTextureUITests;
			productReference = 22C8A7DD24F53C43005FDB41 /* MetalShaderTextureUITests.xctest */;
			productType = "com.apple.product-type.bundle.ui-testing";
		};
/* End PBXNativeTarget section */

/* Begin PBXProject section */
		22C8A7AF24F53C3E005FDB41 /* Project object */ = {
			isa = PBXProject;
			attributes = {
				LastUpgradeCheck = 1150;
				ORGANIZATIONNAME = "彭文喜";
				TargetAttributes = {
					22C8A7B624F53C3E005FDB41 = {
						CreatedOnToolsVersion = 11.5;
					};
					22C8A7D124F53C43005FDB41 = {
						CreatedOnToolsVersion = 11.5;
						TestTargetID = 22C8A7B624F53C3E005FDB41;
					};
					22C8A7DC24F53C43005FDB41 = {
						CreatedOnToolsVersion = 11.5;
						TestTargetID = 22C8A7B624F53C3E005FDB41;
					};
				};
			};
			buildConfigurationList = 22C8A7B224F53C3E005FDB41 /* Build configuration list for PBXProject "MetalShaderTexture" */;
			compatibilityVersion = "Xcode 9.3";
			developmentRegion = en;
			hasScannedForEncodings = 0;
			knownRegions = (
				en,
				Base,
			);
			mainGroup = 22C8A7AE24F53C3E005FDB41;
			productRefGroup = 22C8A7B824F53C3E005FDB41 /* Products */;
			projectDirPath = "";
			projectRoot = "";
			targets = (
				22C8A7B624F53C3E005FDB41 /* MetalShaderTexture */,
				22C8A7D124F53C43005FDB41 /* MetalShaderTextureTests */,
				22C8A7DC24F53C43005FDB41 /* MetalShaderTextureUITests */,
			);
		};
/* End PBXProject section */

/* Begin PBXResourcesBuildPhase section */
		22C8A7B524F53C3E005FDB41 /* Resources */ = {
			isa = PBXResourcesBuildPhase;
			buildActionMask = 2147483647;
			files = (
				22C8A7CA24F53C42005FDB41 /* LaunchScreen.storyboard in Resources */,
				22C8A7C724F53C42005FDB41 /* Assets.xcassets in Resources */,
				22C8A7F924F53EF6005FDB41 /* 2.jpg in Resources */,
				22C8A7C524F53C3E005FDB41 /* Main.storyboard in Resources */,
			);
			runOnlyForDeploymentPostprocessing = 0;
		};
		22C8A7D024F53C43005FDB41 /* Resources */ = {
			isa = PBXResourcesBuildPhase;
			buildActionMask = 2147483647;
			files = (
			);
			runOnlyForDeploymentPostprocessing = 0;
		};
		22C8A7DB24F53C43005FDB41 /* Resources */ = {
			isa = PBXResourcesBuildPhase;
			buildActionMask = 2147483647;
			files = (
			);
			runOnlyForDeploymentPostprocessing = 0;
		};
/* End PBXResourcesBuildPhase section */

/* Begin PBXSourcesBuildPhase section */
		22C8A7B324F53C3E005FDB41 /* Sources */ = {
			isa = PBXSourcesBuildPhase;
			buildActionMask = 2147483647;
			files = (
				22C8A7C224F53C3E005FDB41 /* ViewController.m in Sources */,
				22C8A7F124F53C5C005FDB41 /* RenderView.m in Sources */,
				22C8A7BC24F53C3E005FDB41 /* AppDelegate.m in Sources */,
				22C8A7F424F53C66005FDB41 /* Image.m in Sources */,
				22C8A7CD24F53C42005FDB41 /* main.m in Sources */,
				22C8A7F624F53C74005FDB41 /* Shader.metal in Sources */,
				22C8A7BF24F53C3E005FDB41 /* SceneDelegate.m in Sources */,
			);
			runOnlyForDeploymentPostprocessing = 0;
		};
		22C8A7CE24F53C43005FDB41 /* Sources */ = {
			isa = PBXSourcesBuildPhase;
			buildActionMask = 2147483647;
			files = (
				22C8A7D724F53C43005FDB41 /* MetalShaderTextureTests.m in Sources */,
			);
			runOnlyForDeploymentPostprocessing = 0;
		};
		22C8A7D924F53C43005FDB41 /* Sources */ = {
			isa = PBXSourcesBuildPhase;
			buildActionMask = 2147483647;
			files = (
				22C8A7E224F53C43005FDB41 /* MetalShaderTextureUITests.m in Sources */,
			);
			runOnlyForDeploymentPostprocessing = 0;
		};
/* End PBXSourcesBuildPhase section */

/* Begin PBXTargetDependency section */
		22C8A7D424F53C43005FDB41 /* PBXTargetDependency */ = {
			isa = PBXTargetDependency;
			target = 22C8A7B624F53C3E005FDB41 /* MetalShaderTexture */;
			targetProxy = 22C8A7D324F53C43005FDB41 /* PBXContainerItemProxy */;
		};
		22C8A7DF24F53C43005FDB41 /* PBXTargetDependency */ = {
			isa = PBXTargetDependency;
			target = 22C8A7B624F53C3E005FDB41 /* MetalShaderTexture */;
			targetProxy = 22C8A7DE24F53C43005FDB41 /* PBXContainerItemProxy */;
		};
/* End PBXTargetDependency section */

/* Begin PBXVariantGroup section */
		22C8A7C324F53C3E005FDB41 /* Main.storyboard */ = {
			isa = PBXVariantGroup;
			children = (
				22C8A7C424F53C3E005FDB41 /* Base */,
			);
			name = Main.storyboard;
			sourceTree = "<group>";
		};
		22C8A7C824F53C42005FDB41 /* LaunchScreen.storyboard */ = {
			isa = PBXVariantGroup;
			children = (
				22C8A7C924F53C42005FDB41 /* Base */,
			);
			name = LaunchScreen.storyboard;
			sourceTree = "<group>";
		};
/* End PBXVariantGroup section */

/* Begin XCBuildConfiguration section */
		22C8A7E424F53C43005FDB41 /* Debug */ = {
			isa = XCBuildConfiguration;
			buildSettings = {
				ALWAYS_SEARCH_USER_PATHS = NO;
				CLANG_ANALYZER_NONNULL = YES;
				CLANG_ANALYZER_NUMBER_OBJECT_CONVERSION = YES_AGGRESSIVE;
				CLANG_CXX_LANGUAGE_STANDARD = "gnu++14";
				CLANG_CXX_LIBRARY = "libc++";
				CLANG_ENABLE_MODULES = YES;
				CLANG_ENABLE_OBJC_ARC = YES;
				CLANG_ENABLE_OBJC_WEAK = YES;
				CLANG_WARN_BLOCK_CAPTURE_AUTORELEASING = YES;
				CLANG_WARN_BOOL_CONVERSION = YES;
				CLANG_WARN_COMMA = YES;
				CLANG_WARN_CONSTANT_CONVERSION = YES;
				CLANG_WARN_DEPRECATED_OBJC_IMPLEMENTATIONS = YES;
				CLANG_WARN_DIRECT_OBJC_ISA_USAGE = YES_ERROR;
				CLANG_WARN_DOCUMENTATION_COMMENTS = YES;
				CLANG_WARN_EMPTY_BODY = YES;
				CLANG_WARN_ENUM_CONVERSION = YES;
				CLANG_WARN_INFINITE_RECURSION = YES;
				CLANG_WARN_INT_CONVERSION = YES;
				CLANG_WARN_NON_LITERAL_NULL_CONVERSION = YES;
				CLANG_WARN_OBJC_IMPLICIT_RETAIN_SELF = YES;
				CLANG_WARN_OBJC_LITERAL_CONVERSION = YES;
				CLANG_WARN_OBJC_ROOT_CLASS = YES_ERROR;
				CLANG_WARN_RANGE_LOOP_ANALYSIS = YES;
				CLANG_WARN_STRICT_PROTOTYPES = YES;
				CLANG_WARN_SUSPICIOUS_MOVE = YES;
				CLANG_WARN_UNGUARDED_AVAILABILITY = YES_AGGRESSIVE;
				CLANG_WARN_UNREACHABLE_CODE = YES;
				CLANG_WARN__DUPLICATE_METHOD_MATCH = YES;
				COPY_PHASE_STRIP = NO;
				DEBUG_INFORMATION_FORMAT = dwarf;
				ENABLE_STRICT_OBJC_MSGSEND = YES;
				ENABLE_TESTABILITY = YES;
				GCC_C_LANGUAGE_STANDARD = gnu11;
				GCC_DYNAMIC_NO_PIC = NO;
				GCC_NO_COMMON_BLOCKS = YES;
				GCC_OPTIMIZATION_LEVEL = 0;
				GCC_PREPROCESSOR_DEFINITIONS = (
					"DEBUG=1",
					"$(inherited)",
				);
				GCC_WARN_64_TO_32_BIT_CONVERSION = YES;
				GCC_WARN_ABOUT_RETURN_TYPE = YES_ERROR;
				GCC_WARN_UNDECLARED_SELECTOR = YES;
				GCC_WARN_UNINITIALIZED_AUTOS = YES_AGGRESSIVE;
				GCC_WARN_UNUSED_FUNCTION = YES;
				GCC_WARN_UNUSED_VARIABLE = YES;
				IPHONEOS_DEPLOYMENT_TARGET = 13.5;
				MTL_ENABLE_DEBUG_INFO = INCLUDE_SOURCE;
				MTL_FAST_MATH = YES;
				ONLY_ACTIVE_ARCH = YES;
				SDKROOT = iphoneos;
			};
			name = Debug;
		};
		22C8A7E524F53C43005FDB41 /* Release */ = {
			isa = XCBuildConfiguration;
			buildSettings = {
				ALWAYS_SEARCH_USER_PATHS = NO;
				CLANG_ANALYZER_NONNULL = YES;
				CLANG_ANALYZER_NUMBER_OBJECT_CONVERSION = YES_AGGRESSIVE;
				CLANG_CXX_LANGUAGE_STANDARD = "gnu++14";
				CLANG_CXX_LIBRARY = "libc++";
				CLANG_ENABLE_MODULES = YES;
				CLANG_ENABLE_OBJC_ARC = YES;
				CLANG_ENABLE_OBJC_WEAK = YES;
				CLANG_WARN_BLOCK_CAPTURE_AUTORELEASING = YES;
				CLANG_WARN_BOOL_CONVERSION = YES;
				CLANG_WARN_COMMA = YES;
				CLANG_WARN_CONSTANT_CONVERSION = YES;
				CLANG_WARN_DEPRECATED_OBJC_IMPLEMENTATIONS = YES;
				CLANG_WARN_DIRECT_OBJC_ISA_USAGE = YES_ERROR;
				CLANG_WARN_DOCUMENTATION_COMMENTS = YES;
				CLANG_WARN_EMPTY_BODY = YES;
				CLANG_WARN_ENUM_CONVERSION = YES;
				CLANG_WARN_INFINITE_RECURSION = YES;
				CLANG_WARN_INT_CONVERSION = YES;
				CLANG_WARN_NON_LITERAL_NULL_CONVERSION = YES;
				CLANG_WARN_OBJC_IMPLICIT_RETAIN_SELF = YES;
				CLANG_WARN_OBJC_LITERAL_CONVERSION = YES;
				CLANG_WARN_OBJC_ROOT_CLASS = YES_ERROR;
				CLANG_WARN_RANGE_LOOP_ANALYSIS = YES;
				CLANG_WARN_STRICT_PROTOTYPES = YES;
				CLANG_WARN_SUSPICIOUS_MOVE = YES;
				CLANG_WARN_UNGUARDED_AVAILABILITY = YES_AGGRESSIVE;
				CLANG_WARN_UNREACHABLE_CODE = YES;
				CLANG_WARN__DUPLICATE_METHOD_MATCH = YES;
				COPY_PHASE_STRIP = NO;
				DEBUG_INFORMATION_FORMAT = "dwarf-with-dsym";
				ENABLE_NS_ASSERTIONS = NO;
				ENABLE_STRICT_OBJC_MSGSEND = YES;
				GCC_C_LANGUAGE_STANDARD = gnu11;
				GCC_NO_COMMON_BLOCKS = YES;
				GCC_WARN_64_TO_32_BIT_CONVERSION = YES;
				GCC_WARN_ABOUT_RETURN_TYPE = YES_ERROR;
				GCC_WARN_UNDECLARED_SELECTOR = YES;
				GCC_WARN_UNINITIALIZED_AUTOS = YES_AGGRESSIVE;
				GCC_WARN_UNUSED_FUNCTION = YES;
				GCC_WARN_UNUSED_VARIABLE = YES;
				IPHONEOS_DEPLOYMENT_TARGET = 13.5;
				MTL_ENABLE_DEBUG_INFO = NO;
				MTL_FAST_MATH = YES;
				SDKROOT = iphoneos;
				VALIDATE_PRODUCT = YES;
			};
			name = Release;
		};
		22C8A7E724F53C43005FDB41 /* Debug */ = {
			isa = XCBuildConfiguration;
			buildSettings = {
				ASSETCATALOG_COMPILER_APPICON_NAME = AppIcon;
				CODE_SIGN_STYLE = Automatic;
				INFOPLIST_FILE = MetalShaderTexture/Info.plist;
				LD_RUNPATH_SEARCH_PATHS = (
					"$(inherited)",
					"@executable_path/Frameworks",
				);
				PRODUCT_BUNDLE_IDENTIFIER = com.wenxi.MetalShaderTexture;
				PRODUCT_NAME = "$(TARGET_NAME)";
				TARGETED_DEVICE_FAMILY = "1,2";
			};
			name = Debug;
		};
		22C8A7E824F53C43005FDB41 /* Release */ = {
			isa = XCBuildConfiguration;
			buildSettings = {
				ASSETCATALOG_COMPILER_APPICON_NAME = AppIcon;
				CODE_SIGN_STYLE = Automatic;
				INFOPLIST_FILE = MetalShaderTexture/Info.plist;
				LD_RUNPATH_SEARCH_PATHS = (
					"$(inherited)",
					"@executable_path/Frameworks",
				);
				PRODUCT_BUNDLE_IDENTIFIER = com.wenxi.MetalShaderTexture;
				PRODUCT_NAME = "$(TARGET_NAME)";
				TARGETED_DEVICE_FAMILY = "1,2";
			};
			name = Release;
		};
		22C8A7EA24F53C43005FDB41 /* Debug */ = {
			isa = XCBuildConfiguration;
			buildSettings = {
				BUNDLE_LOADER = "$(TEST_HOST)";
				CODE_SIGN_STYLE = Automatic;
				INFOPLIST_FILE = MetalShaderTextureTests/Info.plist;
				IPHONEOS_DEPLOYMENT_TARGET = 13.5;
				LD_RUNPATH_SEARCH_PATHS = (
					"$(inherited)",
					"@executable_path/Frameworks",
					"@loader_path/Frameworks",
				);
				PRODUCT_BUNDLE_IDENTIFIER = com.wenxi.MetalShaderTextureTests;
				PRODUCT_NAME = "$(TARGET_NAME)";
				TARGETED_DEVICE_FAMILY = "1,2";
				TEST_HOST = "$(BUILT_PRODUCTS_DIR)/MetalShaderTexture.app/MetalShaderTexture";
			};
			name = Debug;
		};
		22C8A7EB24F53C43005FDB41 /* Release */ = {
			isa = XCBuildConfiguration;
			buildSettings = {
				BUNDLE_LOADER = "$(TEST_HOST)";
				CODE_SIGN_STYLE = Automatic;
				INFOPLIST_FILE = MetalShaderTextureTests/Info.plist;
				IPHONEOS_DEPLOYMENT_TARGET = 13.5;
				LD_RUNPATH_SEARCH_PATHS = (
					"$(inherited)",
					"@executable_path/Frameworks",
					"@loader_path/Frameworks",
				);
				PRODUCT_BUNDLE_IDENTIFIER = com.wenxi.MetalShaderTextureTests;
				PRODUCT_NAME = "$(TARGET_NAME)";
				TARGETED_DEVICE_FAMILY = "1,2";
				TEST_HOST = "$(BUILT_PRODUCTS_DIR)/MetalShaderTexture.app/MetalShaderTexture";
			};
			name = Release;
		};
		22C8A7ED24F53C43005FDB41 /* Debug */ = {
			isa = XCBuildConfiguration;
			buildSettings = {
				CODE_SIGN_STYLE = Automatic;
				INFOPLIST_FILE = MetalShaderTextureUITests/Info.plist;
				LD_RUNPATH_SEARCH_PATHS = (
					"$(inherited)",
					"@executable_path/Frameworks",
					"@loader_path/Frameworks",
				);
				PRODUCT_BUNDLE_IDENTIFIER = com.wenxi.MetalShaderTextureUITests;
				PRODUCT_NAME = "$(TARGET_NAME)";
				TARGETED_DEVICE_FAMILY = "1,2";
				TEST_TARGET_NAME = MetalShaderTexture;
			};
			name = Debug;
		};
		22C8A7EE24F53C43005FDB41 /* Release */ = {
			isa = XCBuildConfiguration;
			buildSettings = {
				CODE_SIGN_STYLE = Automatic;
				INFOPLIST_FILE = MetalShaderTextureUITests/Info.plist;
				LD_RUNPATH_SEARCH_PATHS = (
					"$(inherited)",
					"@executable_path/Frameworks",
					"@loader_path/Frameworks",
				);
				PRODUCT_BUNDLE_IDENTIFIER = com.wenxi.MetalShaderTextureUITests;
				PRODUCT_NAME = "$(TARGET_NAME)";
				TARGETED_DEVICE_FAMILY = "1,2";
				TEST_TARGET_NAME = MetalShaderTexture;
			};
			name = Release;
		};
/* End XCBuildConfiguration section */

/* Begin XCConfigurationList section */
		22C8A7B224F53C3E005FDB41 /* Build configuration list for PBXProject "MetalShaderTexture" */ = {
			isa = XCConfigurationList;
			buildConfigurations = (
				22C8A7E424F53C43005FDB41 /* Debug */,
				22C8A7E524F53C43005FDB41 /* Release */,
			);
			defaultConfigurationIsVisible = 0;
			defaultConfigurationName = Release;
		};
		22C8A7E624F53C43005FDB41 /* Build configuration list for PBXNativeTarget "MetalShaderTexture" */ = {
			isa = XCConfigurationList;
			buildConfigurations = (
				22C8A7E724F53C43005FDB41 /* Debug */,
				22C8A7E824F53C43005FDB41 /* Release */,
			);
			defaultConfigurationIsVisible = 0;
			defaultConfigurationName = Release;
		};
		22C8A7E924F53C43005FDB41 /* Build configuration list for PBXNativeTarget "MetalShaderTextureTests" */ = {
			isa = XCConfigurationList;
			buildConfigurations = (
				22C8A7EA24F53C43005FDB41 /* Debug */,
				22C8A7EB24F53C43005FDB41 /* Release */,
			);
			defaultConfigurationIsVisible = 0;
			defaultConfigurationName = Release;
		};
		22C8A7EC24F53C43005FDB41 /* Build configuration list for PBXNativeTarget "MetalShaderTextureUITests" */ = {
			isa = XCConfigurationList;
			buildConfigurations = (
				22C8A7ED24F53C43005FDB41 /* Debug */,
				22C8A7EE24F53C43005FDB41 /* Release */,
			);
			defaultConfigurationIsVisible = 0;
			defaultConfigurationName = Release;
		};
/* End XCConfigurationList section */
	};
	rootObject = 22C8A7AF24F53C3E005FDB41 /* Project object */;
}
